# THIS IS AN AUTOGENERATED FILE. DO NOT EDIT THIS FILE DIRECTLY.
# yarn lockfile v1


"@fleetfn/types@^1.0.0-alpha.2":
  version "1.0.0-alpha.2"
  resolved "https://registry.yarnpkg.com/@fleetfn/types/-/types-1.0.0-alpha.2.tgz#259e47e394511e559b32f517faeb0d118abcd8d1"
  integrity sha512-FXxh97TGw5vzrw+Jp5L3vxBVm1w/fc6Bs+TAT0G1jypMJQQcevreH2WFG0mFWVyT6pMk0ZbREyY7Dg6jBCFKNA==
